
Microsoft Visual Studio Solution File, Format Version 12.00
# Visual Studio Version 16
VisualStudioVersion = 16.0.30503.244
MinimumVisualStudioVersion = 15.0.26124.0
Project("{2150E333-8FDC-42A3-9474-1A3956D46DE8}") = "src", "src", "{43984FCA-D0B1-4527-815C-1123DD74DFA7}"
EndProject
Project("{9A19103F-16F7-4668-BE54-9A1E7A4F7556}") = "01.IdentityServer", "src\01.IdentityServer\01.IdentityServer.csproj", "{043D3212-BC20-4194-B3B7-2E8CE117F20D}"
EndProject
Project("{9A19103F-16F7-4668-BE54-9A1E7A4F7556}") = "02.Api", "src\02.Api\02.Api.csproj", "{76EE2CEF-044C-4FEB-AB12-D16AA7CEA1F6}"
EndProject
Project("{9A19103F-16F7-4668-BE54-9A1E7A4F7556}") = "03.Client", "src\03.Client\03.Client.csproj", "{BFAFFB21-0DED-463A-8AF2-8D31900FA5B9}"
EndProject
Project("{2150E333-8FDC-42A3-9474-1A3956D46DE8}") = "user", "user", "{F65F5414-A00E-41BF-8ABD-1384DD09AF4C}"
EndProject
Project("{9A19103F-16F7-4668-BE54-9A1E7A4F7556}") = "server", "user\server\server.csproj", "{9DD5971B-54CE-4E76-A69A-458A333F54C5}"
EndProject
Project("{9A19103F-16F7-4668-BE54-9A1E7A4F7556}") = "MvcClient", "user\MvcClient\MvcClient.csproj", "{ECCF0AC1-7690-477A-8954-70CBB0288213}"
EndProject
Project("{FAE04EC0-301F-11D3-BF4B-00C04F79EFBC}") = "ALLInOne", "user\ALLInOne\ALLInOne.csproj", "{35833568-0EC8-45A3-A5FB-80B333ACAA03}"
EndProject
Project("{FAE04EC0-301F-11D3-BF4B-00C04F79EFBC}") = "SwaggerUIApi", "SwaggerUIApi\SwaggerUIApi.csproj", "{14EFD1F9-F63F-4670-8B0D-EEB56B3C776E}"
EndProject
Project("{FAE04EC0-301F-11D3-BF4B-00C04F79EFBC}") = "IdentityServer", "IdentityServer\IdentityServer.csproj", "{6DD18D14-793C-40CD-BF50-EFA98100351E}"
EndProject
Global
	GlobalSection(SolutionConfigurationPlatforms) = preSolution
		Debug|Any CPU = Debug|Any CPU
		Debug|x64 = Debug|x64
		Debug|x86 = Debug|x86
		Release|Any CPU = Release|Any CPU
		Release|x64 = Release|x64
		Release|x86 = Release|x86
	EndGlobalSection
	GlobalSection(ProjectConfigurationPlatforms) = postSolution
		{043D3212-BC20-4194-B3B7-2E8CE117F20D}.Debug|Any CPU.ActiveCfg = Debug|Any CPU
		{043D3212-BC20-4194-B3B7-2E8CE117F20D}.Debug|Any CPU.Build.0 = Debug|Any CPU
		{043D3212-BC20-4194-B3B7-2E8CE117F20D}.Debug|x64.ActiveCfg = Debug|Any CPU
		{043D3212-BC20-4194-B3B7-2E8CE117F20D}.Debug|x64.Build.0 = Debug|Any CPU
		{043D3212-BC20-4194-B3B7-2E8CE117F20D}.Debug|x86.ActiveCfg = Debug|Any CPU
		{043D3212-BC20-4194-B3B7-2E8CE117F20D}.Debug|x86.Build.0 = Debug|Any CPU
		{043D3212-BC20-4194-B3B7-2E8CE117F20D}.Release|Any CPU.ActiveCfg = Release|Any CPU
		{043D3212-BC20-4194-B3B7-2E8CE117F20D}.Release|Any CPU.Build.0 = Release|Any CPU
		{043D3212-BC20-4194-B3B7-2E8CE117F20D}.Release|x64.ActiveCfg = Release|Any CPU
		{043D3212-BC20-4194-B3B7-2E8CE117F20D}.Release|x64.Build.0 = Release|Any CPU
		{043D3212-BC20-4194-B3B7-2E8CE117F20D}.Release|x86.ActiveCfg = Release|Any CPU
		{043D3212-BC20-4194-B3B7-2E8CE117F20D}.Release|x86.Build.0 = Release|Any CPU
		{76EE2CEF-044C-4FEB-AB12-D16AA7CEA1F6}.Debug|Any CPU.ActiveCfg = Debug|Any CPU
		{76EE2CEF-044C-4FEB-AB12-D16AA7CEA1F6}.Debug|Any CPU.Build.0 = Debug|Any CPU
		{76EE2CEF-044C-4FEB-AB12-D16AA7CEA1F6}.Debug|x64.ActiveCfg = Debug|Any CPU
		{76EE2CEF-044C-4FEB-AB12-D16AA7CEA1F6}.Debug|x64.Build.0 = Debug|Any CPU
		{76EE2CEF-044C-4FEB-AB12-D16AA7CEA1F6}.Debug|x86.ActiveCfg = Debug|Any CPU
		{76EE2CEF-044C-4FEB-AB12-D16AA7CEA1F6}.Debug|x86.Build.0 = Debug|Any CPU
		{76EE2CEF-044C-4FEB-AB12-D16AA7CEA1F6}.Release|Any CPU.ActiveCfg = Release|Any CPU
		{76EE2CEF-044C-4FEB-AB12-D16AA7CEA1F6}.Release|Any CPU.Build.0 = Release|Any CPU
		{76EE2CEF-044C-4FEB-AB12-D16AA7CEA1F6}.Release|x64.ActiveCfg = Release|Any CPU
		{76EE2CEF-044C-4FEB-AB12-D16AA7CEA1F6}.Release|x64.Build.0 = Release|Any CPU
		{76EE2CEF-044C-4FEB-AB12-D16AA7CEA1F6}.Release|x86.ActiveCfg = Release|Any CPU
		{76EE2CEF-044C-4FEB-AB12-D16AA7CEA1F6}.Release|x86.Build.0 = Release|Any CPU
		{BFAFFB21-0DED-463A-8AF2-8D31900FA5B9}.Debug|Any CPU.ActiveCfg = Debug|Any CPU
		{BFAFFB21-0DED-463A-8AF2-8D31900FA5B9}.Debug|Any CPU.Build.0 = Debug|Any CPU
		{BFAFFB21-0DED-463A-8AF2-8D31900FA5B9}.Debug|x64.ActiveCfg = Debug|Any CPU
		{BFAFFB21-0DED-463A-8AF2-8D31900FA5B9}.Debug|x64.Build.0 = Debug|Any CPU
		{BFAFFB21-0DED-463A-8AF2-8D31900FA5B9}.Debug|x86.ActiveCfg = Debug|Any CPU
		{BFAFFB21-0DED-463A-8AF2-8D31900FA5B9}.Debug|x86.Build.0 = Debug|Any CPU
		{BFAFFB21-0DED-463A-8AF2-8D31900FA5B9}.Release|Any CPU.ActiveCfg = Release|Any CPU
		{BFAFFB21-0DED-463A-8AF2-8D31900FA5B9}.Release|Any CPU.Build.0 = Release|Any CPU
		{BFAFFB21-0DED-463A-8AF2-8D31900FA5B9}.Release|x64.ActiveCfg = Release|Any CPU
		{BFAFFB21-0DED-463A-8AF2-8D31900FA5B9}.Release|x64.Build.0 = Release|Any CPU
		{BFAFFB21-0DED-463A-8AF2-8D31900FA5B9}.Release|x86.ActiveCfg = Release|Any CPU
		{BFAFFB21-0DED-463A-8AF2-8D31900FA5B9}.Release|x86.Build.0 = Release|Any CPU
		{9DD5971B-54CE-4E76-A69A-458A333F54C5}.Debug|Any CPU.ActiveCfg = Debug|Any CPU
		{9DD5971B-54CE-4E76-A69A-458A333F54C5}.Debug|Any CPU.Build.0 = Debug|Any CPU
		{9DD5971B-54CE-4E76-A69A-458A333F54C5}.Debug|x64.ActiveCfg = Debug|Any CPU
		{9DD5971B-54CE-4E76-A69A-458A333F54C5}.Debug|x64.Build.0 = Debug|Any CPU
		{9DD5971B-54CE-4E76-A69A-458A333F54C5}.Debug|x86.ActiveCfg = Debug|Any CPU
		{9DD5971B-54CE-4E76-A69A-458A333F54C5}.Debug|x86.Build.0 = Debug|Any CPU
		{9DD5971B-54CE-4E76-A69A-458A333F54C5}.Release|Any CPU.ActiveCfg = Release|Any CPU
		{9DD5971B-54CE-4E76-A69A-458A333F54C5}.Release|Any CPU.Build.0 = Release|Any CPU
		{9DD5971B-54CE-4E76-A69A-458A333F54C5}.Release|x64.ActiveCfg = Release|Any CPU
		{9DD5971B-54CE-4E76-A69A-458A333F54C5}.Release|x64.Build.0 = Release|Any CPU
		{9DD5971B-54CE-4E76-A69A-458A333F54C5}.Release|x86.ActiveCfg = Release|Any CPU
		{9DD5971B-54CE-4E76-A69A-458A333F54C5}.Release|x86.Build.0 = Release|Any CPU
		{ECCF0AC1-7690-477A-8954-70CBB0288213}.Debug|Any CPU.ActiveCfg = Debug|Any CPU
		{ECCF0AC1-7690-477A-8954-70CBB0288213}.Debug|Any CPU.Build.0 = Debug|Any CPU
		{ECCF0AC1-7690-477A-8954-70CBB0288213}.Debug|x64.ActiveCfg = Debug|Any CPU
		{ECCF0AC1-7690-477A-8954-70CBB0288213}.Debug|x64.Build.0 = Debug|Any CPU
		{ECCF0AC1-7690-477A-8954-70CBB0288213}.Debug|x86.ActiveCfg = Debug|Any CPU
		{ECCF0AC1-7690-477A-8954-70CBB0288213}.Debug|x86.Build.0 = Debug|Any CPU
		{ECCF0AC1-7690-477A-8954-70CBB0288213}.Release|Any CPU.ActiveCfg = Release|Any CPU
		{ECCF0AC1-7690-477A-8954-70CBB0288213}.Release|Any CPU.Build.0 = Release|Any CPU
		{ECCF0AC1-7690-477A-8954-70CBB0288213}.Release|x64.ActiveCfg = Release|Any CPU
		{ECCF0AC1-7690-477A-8954-70CBB0288213}.Release|x64.Build.0 = Release|Any CPU
		{ECCF0AC1-7690-477A-8954-70CBB0288213}.Release|x86.ActiveCfg = Release|Any CPU
		{ECCF0AC1-7690-477A-8954-70CBB0288213}.Release|x86.Build.0 = Release|Any CPU
		{35833568-0EC8-45A3-A5FB-80B333ACAA03}.Debug|Any CPU.ActiveCfg = Debug|Any CPU
		{35833568-0EC8-45A3-A5FB-80B333ACAA03}.Debug|Any CPU.Build.0 = Debug|Any CPU
		{35833568-0EC8-45A3-A5FB-80B333ACAA03}.Debug|x64.ActiveCfg = Debug|Any CPU
		{35833568-0EC8-45A3-A5FB-80B333ACAA03}.Debug|x64.Build.0 = Debug|Any CPU
		{35833568-0EC8-45A3-A5FB-80B333ACAA03}.Debug|x86.ActiveCfg = Debug|Any CPU
		{35833568-0EC8-45A3-A5FB-80B333ACAA03}.Debug|x86.Build.0 = Debug|Any CPU
		{35833568-0EC8-45A3-A5FB-80B333ACAA03}.Release|Any CPU.ActiveCfg = Release|Any CPU
		{35833568-0EC8-45A3-A5FB-80B333ACAA03}.Release|Any CPU.Build.0 = Release|Any CPU
		{35833568-0EC8-45A3-A5FB-80B333ACAA03}.Release|x64.ActiveCfg = Release|Any CPU
		{35833568-0EC8-45A3-A5FB-80B333ACAA03}.Release|x64.Build.0 = Release|Any CPU
		{35833568-0EC8-45A3-A5FB-80B333ACAA03}.Release|x86.ActiveCfg = Release|Any CPU
		{35833568-0EC8-45A3-A5FB-80B333ACAA03}.Release|x86.Build.0 = Release|Any CPU
		{14EFD1F9-F63F-4670-8B0D-EEB56B3C776E}.Debug|Any CPU.ActiveCfg = Debug|Any CPU
		{14EFD1F9-F63F-4670-8B0D-EEB56B3C776E}.Debug|Any CPU.Build.0 = Debug|Any CPU
		{14EFD1F9-F63F-4670-8B0D-EEB56B3C776E}.Debug|x64.ActiveCfg = Debug|Any CPU
		{14EFD1F9-F63F-4670-8B0D-EEB56B3C776E}.Debug|x64.Build.0 = Debug|Any CPU
		{14EFD1F9-F63F-4670-8B0D-EEB56B3C776E}.Debug|x86.ActiveCfg = Debug|Any CPU
		{14EFD1F9-F63F-4670-8B0D-EEB56B3C776E}.Debug|x86.Build.0 = Debug|Any CPU
		{14EFD1F9-F63F-4670-8B0D-EEB56B3C776E}.Release|Any CPU.ActiveCfg = Release|Any CPU
		{14EFD1F9-F63F-4670-8B0D-EEB56B3C776E}.Release|Any CPU.Build.0 = Release|Any CPU
		{14EFD1F9-F63F-4670-8B0D-EEB56B3C776E}.Release|x64.ActiveCfg = Release|Any CPU
		{14EFD1F9-F63F-4670-8B0D-EEB56B3C776E}.Release|x64.Build.0 = Release|Any CPU
		{14EFD1F9-F63F-4670-8B0D-EEB56B3C776E}.Release|x86.ActiveCfg = Release|Any CPU
		{14EFD1F9-F63F-4670-8B0D-EEB56B3C776E}.Release|x86.Build.0 = Release|Any CPU
		{6DD18D14-793C-40CD-BF50-EFA98100351E}.Debug|Any CPU.ActiveCfg = Debug|Any CPU
		{6DD18D14-793C-40CD-BF50-EFA98100351E}.Debug|Any CPU.Build.0 = Debug|Any CPU
		{6DD18D14-793C-40CD-BF50-EFA98100351E}.Debug|x64.ActiveCfg = Debug|Any CPU
		{6DD18D14-793C-40CD-BF50-EFA98100351E}.Debug|x64.Build.0 = Debug|Any CPU
		{6DD18D14-793C-40CD-BF50-EFA98100351E}.Debug|x86.ActiveCfg = Debug|Any CPU
		{6DD18D14-793C-40CD-BF50-EFA98100351E}.Debug|x86.Build.0 = Debug|Any CPU
		{6DD18D14-793C-40CD-BF50-EFA98100351E}.Release|Any CPU.ActiveCfg = Release|Any CPU
		{6DD18D14-793C-40CD-BF50-EFA98100351E}.Release|Any CPU.Build.0 = Release|Any CPU
		{6DD18D14-793C-40CD-BF50-EFA98100351E}.Release|x64.ActiveCfg = Release|Any CPU
		{6DD18D14-793C-40CD-BF50-EFA98100351E}.Release|x64.Build.0 = Release|Any CPU
		{6DD18D14-793C-40CD-BF50-EFA98100351E}.Release|x86.ActiveCfg = Release|Any CPU
		{6DD18D14-793C-40CD-BF50-EFA98100351E}.Release|x86.Build.0 = Release|Any CPU
	EndGlobalSection
	GlobalSection(SolutionProperties) = preSolution
		HideSolutionNode = FALSE
	EndGlobalSection
	GlobalSection(NestedProjects) = preSolution
		{043D3212-BC20-4194-B3B7-2E8CE117F20D} = {43984FCA-D0B1-4527-815C-1123DD74DFA7}
		{76EE2CEF-044C-4FEB-AB12-D16AA7CEA1F6} = {43984FCA-D0B1-4527-815C-1123DD74DFA7}
		{BFAFFB21-0DED-463A-8AF2-8D31900FA5B9} = {43984FCA-D0B1-4527-815C-1123DD74DFA7}
		{9DD5971B-54CE-4E76-A69A-458A333F54C5} = {F65F5414-A00E-41BF-8ABD-1384DD09AF4C}
		{ECCF0AC1-7690-477A-8954-70CBB0288213} = {F65F5414-A00E-41BF-8ABD-1384DD09AF4C}
	EndGlobalSection
	GlobalSection(ExtensibilityGlobals) = postSolution
		SolutionGuid = {BB4096F0-9051-459D-A81D-D3C1992612C8}
	EndGlobalSection
EndGlobal
